
Microsoft Visual Studio Solution File, Format Version 12.00
# Visual Studio Version 16
VisualStudioVersion = 16.0.29326.143
MinimumVisualStudioVersion = 10.0.40219.1
Project("{FAE04EC0-301F-11D3-BF4B-00C04F79EFBC}") = "LoggingExperiment", "LoggingExperiment\LoggingExperiment.csproj", "{E455007C-775B-4737-A5FA-E7EE8ACBFED2}"
EndProject
Global
	GlobalSection(SolutionConfigurationPlatforms) = preSolution
		Debug|Any CPU = Debug|Any CPU
		Release|Any CPU = Release|Any CPU
	EndGlobalSection
	GlobalSection(ProjectConfigurationPlatforms) = postSolution
		{E455007C-775B-4737-A5FA-E7EE8ACBFED2}.Debug|Any CPU.ActiveCfg = Debug|Any CPU
		{E455007C-775B-4737-A5FA-E7EE8ACBFED2}.Debug|Any CPU.Build.0 = Debug|Any CPU
		{E455007C-775B-4737-A5FA-E7EE8ACBFED2}.Release|Any CPU.ActiveCfg = Release|Any CPU
		{E455007C-775B-4737-A5FA-E7EE8ACBFED2}.Release|Any CPU.Build.0 = Release|Any CPU
	EndGlobalSection
	GlobalSection(SolutionProperties) = preSolution
		HideSolutionNode = FALSE
	EndGlobalSection
	GlobalSection(ExtensibilityGlobals) = postSolution
		SolutionGuid = {0DCC2A79-D626-4CE0-BC25-03AD2F0B450F}
	EndGlobalSection
EndGlobal
